
Microsoft Visual Studio Solution File, Format Version 12.00
# Visual Studio Version 16
VisualStudioVersion = 16.0.33328.57
MinimumVisualStudioVersion = 10.0.40219.1
Project("{FAE04EC0-301F-11D3-BF4B-00C04F79EFBC}") = "StudentsRooms", "StudentsRooms.csproj", "{BA0513C1-1739-4213-8643-29AAB07F1E65}"
EndProject
Global
	GlobalSection(SolutionConfigurationPlatforms) = preSolution
		Debug|Any CPU = Debug|Any CPU
		Release|Any CPU = Release|Any CPU
	EndGlobalSection
	GlobalSection(ProjectConfigurationPlatforms) = postSolution
		{BA0513C1-1739-4213-8643-29AAB07F1E65}.Debug|Any CPU.ActiveCfg = Debug|Any CPU
		{BA0513C1-1739-4213-8643-29AAB07F1E65}.Debug|Any CPU.Build.0 = Debug|Any CPU
		{BA0513C1-1739-4213-8643-29AAB07F1E65}.Release|Any CPU.ActiveCfg = Release|Any CPU
		{BA0513C1-1739-4213-8643-29AAB07F1E65}.Release|Any CPU.Build.0 = Release|Any CPU
	EndGlobalSection
	GlobalSection(SolutionProperties) = preSolution
		HideSolutionNode = FALSE
	EndGlobalSection
	GlobalSection(ExtensibilityGlobals) = postSolution
		SolutionGuid = {78C679E5-98E2-4410-BAA6-906BBEEF6A1E}
	EndGlobalSection
EndGlobal
